
Microsoft Visual Studio Solution File, Format Version 12.00
# Visual Studio 15
VisualStudioVersion = 15.0.28307.168
MinimumVisualStudioVersion = 10.0.40219.1
Project("{FAE04EC0-301F-11D3-BF4B-00C04F79EFBC}") = "NetCore.Web", "NetCore.Web\NetCore.Web.csproj", "{17AA7514-B627-48CB-8884-CE9168ECD6AF}"
EndProject
Global
	GlobalSection(SolutionConfigurationPlatforms) = preSolution
		Debug|Any CPU = Debug|Any CPU
		Release|Any CPU = Release|Any CPU
	EndGlobalSection
	GlobalSection(ProjectConfigurationPlatforms) = postSolution
		{17AA7514-B627-48CB-8884-CE9168ECD6AF}.Debug|Any CPU.ActiveCfg = Debug|Any CPU
		{17AA7514-B627-48CB-8884-CE9168ECD6AF}.Debug|Any CPU.Build.0 = Debug|Any CPU
		{17AA7514-B627-48CB-8884-CE9168ECD6AF}.Release|Any CPU.ActiveCfg = Release|Any CPU
		{17AA7514-B627-48CB-8884-CE9168ECD6AF}.Release|Any CPU.Build.0 = Release|Any CPU
	EndGlobalSection
	GlobalSection(SolutionProperties) = preSolution
		HideSolutionNode = FALSE
	EndGlobalSection
	GlobalSection(ExtensibilityGlobals) = postSolution
		SolutionGuid = {1CE7888C-CEDC-4101-A074-C45D724FC1F4}
	EndGlobalSection
EndGlobal
